
Microsoft Visual Studio Solution File, Format Version 12.00
# Visual Studio 14
VisualStudioVersion = 14.0.25420.1
MinimumVisualStudioVersion = 10.0.40219.1
Project("{FAE04EC0-301F-11D3-BF4B-00C04F79EFBC}") = "HighEnergy.Tree", "HighEnergy.Tree\HighEnergy.Tree.csproj", "{C2056A6C-CD5D-44E1-A174-3971561C8DFB}"
EndProject
Project("{FAE04EC0-301F-11D3-BF4B-00C04F79EFBC}") = "HighEnergy.Tree.Test", "HighEnergy.Tree.Test\HighEnergy.Tree.Test.csproj", "{84A19AEE-DEE8-4288-A5F4-48A88A62C4CB}"
EndProject
Project("{FAE04EC0-301F-11D3-BF4B-00C04F79EFBC}") = "HighEnergy.TreeView", "HighEnergy.TreeView\HighEnergy.TreeView.csproj", "{377D075B-88EB-4D85-B632-D1BB2A724371}"
EndProject
Project("{FAE04EC0-301F-11D3-BF4B-00C04F79EFBC}") = "HighEnergy.TreeView.Demo", "HighEnergy.TreeView.Demo\HighEnergy.TreeView.Demo.csproj", "{3AA59858-4571-41AE-883C-DA8423AD4BA3}"
EndProject
Project("{FAE04EC0-301F-11D3-BF4B-00C04F79EFBC}") = "HighEnergy.TreeView.Demo.Android", "HighEnergy.TreeView.Demo.Android\HighEnergy.TreeView.Demo.Android.csproj", "{AFA2F98F-7C20-42AA-B18F-D1788B05F627}"
EndProject
Project("{FAE04EC0-301F-11D3-BF4B-00C04F79EFBC}") = "HighEnergy.TreeView.Demo.iOS", "HighEnergy.TreeView.Demo.iOS\HighEnergy.TreeView.Demo.iOS.csproj", "{2CF2A174-9568-48F4-87FC-A3CBB8836F38}"
EndProject
Project("{FAE04EC0-301F-11D3-BF4B-00C04F79EFBC}") = "TreeTester", "TreeTester\TreeTester.csproj", "{E9D14D64-A7CB-4324-AD09-A14A2DD8AFEA}"
EndProject
Project("{FAE04EC0-301F-11D3-BF4B-00C04F79EFBC}") = "HighEnergy.TreeView.Demo.WP81", "HighEnergy.TreeView.Demo.WP81\HighEnergy.TreeView.Demo.WP81.csproj", "{A3B2D1FA-97DA-434A-92C9-BC357EBE9027}"
EndProject
Project("{FAE04EC0-301F-11D3-BF4B-00C04F79EFBC}") = "HighEnergy.TreeView.Demo.Windows", "HighEnergy.TreeView.Demo.Windows\HighEnergy.TreeView.Demo.Windows.csproj", "{6E172513-FE50-4E12-A747-F930E3575153}"
EndProject
Global
	GlobalSection(SolutionConfigurationPlatforms) = preSolution
		Ad-Hoc|Any CPU = Ad-Hoc|Any CPU
		Ad-Hoc|ARM = Ad-Hoc|ARM
		Ad-Hoc|iPhone = Ad-Hoc|iPhone
		Ad-Hoc|iPhoneSimulator = Ad-Hoc|iPhoneSimulator
		Ad-Hoc|Mixed Platforms = Ad-Hoc|Mixed Platforms
		Ad-Hoc|x64 = Ad-Hoc|x64
		Ad-Hoc|x86 = Ad-Hoc|x86
		AppStore|Any CPU = AppStore|Any CPU
		AppStore|ARM = AppStore|ARM
		AppStore|iPhone = AppStore|iPhone
		AppStore|iPhoneSimulator = AppStore|iPhoneSimulator
		AppStore|Mixed Platforms = AppStore|Mixed Platforms
		AppStore|x64 = AppStore|x64
		AppStore|x86 = AppStore|x86
		Debug|Any CPU = Debug|Any CPU
		Debug|ARM = Debug|ARM
		Debug|iPhone = Debug|iPhone
		Debug|iPhoneSimulator = Debug|iPhoneSimulator
		Debug|Mixed Platforms = Debug|Mixed Platforms
		Debug|x64 = Debug|x64
		Debug|x86 = Debug|x86
		Release|Any CPU = Release|Any CPU
		Release|ARM = Release|ARM
		Release|iPhone = Release|iPhone
		Release|iPhoneSimulator = Release|iPhoneSimulator
		Release|Mixed Platforms = Release|Mixed Platforms
		Release|x64 = Release|x64
		Release|x86 = Release|x86
	EndGlobalSection
	GlobalSection(ProjectConfigurationPlatforms) = postSolution
		{C2056A6C-CD5D-44E1-A174-3971561C8DFB}.Ad-Hoc|Any CPU.ActiveCfg = Release|Any CPU
		{C2056A6C-CD5D-44E1-A174-3971561C8DFB}.Ad-Hoc|Any CPU.Build.0 = Release|Any CPU
		{C2056A6C-CD5D-44E1-A174-3971561C8DFB}.Ad-Hoc|ARM.ActiveCfg = Debug|Any CPU
		{C2056A6C-CD5D-44E1-A174-3971561C8DFB}.Ad-Hoc|ARM.Build.0 = Debug|Any CPU
		{C2056A6C-CD5D-44E1-A174-3971561C8DFB}.Ad-Hoc|iPhone.ActiveCfg = Release|Any CPU
		{C2056A6C-CD5D-44E1-A174-3971561C8DFB}.Ad-Hoc|iPhoneSimulator.ActiveCfg = Release|Any CPU
		{C2056A6C-CD5D-44E1-A174-3971561C8DFB}.Ad-Hoc|Mixed Platforms.ActiveCfg = Release|Any CPU
		{C2056A6C-CD5D-44E1-A174-3971561C8DFB}.Ad-Hoc|Mixed Platforms.Build.0 = Release|Any CPU
		{C2056A6C-CD5D-44E1-A174-3971561C8DFB}.Ad-Hoc|x64.ActiveCfg = Debug|Any CPU
		{C2056A6C-CD5D-44E1-A174-3971561C8DFB}.Ad-Hoc|x64.Build.0 = Debug|Any CPU
		{C2056A6C-CD5D-44E1-A174-3971561C8DFB}.Ad-Hoc|x86.ActiveCfg = Debug|Any CPU
		{C2056A6C-CD5D-44E1-A174-3971561C8DFB}.Ad-Hoc|x86.Build.0 = Debug|Any CPU
		{C2056A6C-CD5D-44E1-A174-3971561C8DFB}.AppStore|Any CPU.ActiveCfg = Release|Any CPU
		{C2056A6C-CD5D-44E1-A174-3971561C8DFB}.AppStore|Any CPU.Build.0 = Release|Any CPU
		{C2056A6C-CD5D-44E1-A174-3971561C8DFB}.AppStore|ARM.ActiveCfg = Debug|Any CPU
		{C2056A6C-CD5D-44E1-A174-3971561C8DFB}.AppStore|ARM.Build.0 = Debug|Any CPU
		{C2056A6C-CD5D-44E1-A174-3971561C8DFB}.AppStore|iPhone.ActiveCfg = Release|Any CPU
		{C2056A6C-CD5D-44E1-A174-3971561C8DFB}.AppStore|iPhoneSimulator.ActiveCfg = Release|Any CPU
		{C2056A6C-CD5D-44E1-A174-3971561C8DFB}.AppStore|Mixed Platforms.ActiveCfg = Release|Any CPU
		{C2056A6C-CD5D-44E1-A174-3971561C8DFB}.AppStore|Mixed Platforms.Build.0 = Release|Any CPU
		{C2056A6C-CD5D-44E1-A174-3971561C8DFB}.AppStore|x64.ActiveCfg = Debug|Any CPU
		{C2056A6C-CD5D-44E1-A174-3971561C8DFB}.AppStore|x64.Build.0 = Debug|Any CPU
		{C2056A6C-CD5D-44E1-A174-3971561C8DFB}.AppStore|x86.ActiveCfg = Debug|Any CPU
		{C2056A6C-CD5D-44E1-A174-3971561C8DFB}.AppStore|x86.Build.0 = Debug|Any CPU
		{C2056A6C-CD5D-44E1-A174-3971561C8DFB}.Debug|Any CPU.ActiveCfg = Debug|Any CPU
		{C2056A6C-CD5D-44E1-A174-3971561C8DFB}.Debug|Any CPU.Build.0 = Debug|Any CPU
		{C2056A6C-CD5D-44E1-A174-3971561C8DFB}.Debug|ARM.ActiveCfg = Debug|Any CPU
		{C2056A6C-CD5D-44E1-A174-3971561C8DFB}.Debug|ARM.Build.0 = Debug|Any CPU
		{C2056A6C-CD5D-44E1-A174-3971561C8DFB}.Debug|iPhone.ActiveCfg = Debug|Any CPU
		{C2056A6C-CD5D-44E1-A174-3971561C8DFB}.Debug|iPhoneSimulator.ActiveCfg = Debug|Any CPU
		{C2056A6C-CD5D-44E1-A174-3971561C8DFB}.Debug|Mixed Platforms.ActiveCfg = Debug|Any CPU
		{C2056A6C-CD5D-44E1-A174-3971561C8DFB}.Debug|Mixed Platforms.Build.0 = Debug|Any CPU
		{C2056A6C-CD5D-44E1-A174-3971561C8DFB}.Debug|x64.ActiveCfg = Debug|Any CPU
		{C2056A6C-CD5D-44E1-A174-3971561C8DFB}.Debug|x64.Build.0 = Debug|Any CPU
		{C2056A6C-CD5D-44E1-A174-3971561C8DFB}.Debug|x86.ActiveCfg = Debug|Any CPU
		{C2056A6C-CD5D-44E1-A174-3971561C8DFB}.Debug|x86.Build.0 = Debug|Any CPU
		{C2056A6C-CD5D-44E1-A174-3971561C8DFB}.Release|Any CPU.ActiveCfg = Release|Any CPU
		{C2056A6C-CD5D-44E1-A174-3971561C8DFB}.Release|Any CPU.Build.0 = Release|Any CPU
		{C2056A6C-CD5D-44E1-A174-3971561C8DFB}.Release|ARM.ActiveCfg = Release|Any CPU
		{C2056A6C-CD5D-44E1-A174-3971561C8DFB}.Release|ARM.Build.0 = Release|Any CPU
		{C2056A6C-CD5D-44E1-A174-3971561C8DFB}.Release|iPhone.ActiveCfg = Release|Any CPU
		{C2056A6C-CD5D-44E1-A174-3971561C8DFB}.Release|iPhoneSimulator.ActiveCfg = Release|Any CPU
		{C2056A6C-CD5D-44E1-A174-3971561C8DFB}.Release|Mixed Platforms.ActiveCfg = Release|Any CPU
		{C2056A6C-CD5D-44E1-A174-3971561C8DFB}.Release|Mixed Platforms.Build.0 = Release|Any CPU
		{C2056A6C-CD5D-44E1-A174-3971561C8DFB}.Release|x64.ActiveCfg = Release|Any CPU
		{C2056A6C-CD5D-44E1-A174-3971561C8DFB}.Release|x64.Build.0 = Release|Any CPU
		{C2056A6C-CD5D-44E1-A174-3971561C8DFB}.Release|x86.ActiveCfg = Release|Any CPU
		{C2056A6C-CD5D-44E1-A174-3971561C8DFB}.Release|x86.Build.0 = Release|Any CPU
		{84A19AEE-DEE8-4288-A5F4-48A88A62C4CB}.Ad-Hoc|Any CPU.ActiveCfg = Release|Any CPU
		{84A19AEE-DEE8-4288-A5F4-48A88A62C4CB}.Ad-Hoc|Any CPU.Build.0 = Release|Any CPU
		{84A19AEE-DEE8-4288-A5F4-48A88A62C4CB}.Ad-Hoc|ARM.ActiveCfg = Debug|Any CPU
		{84A19AEE-DEE8-4288-A5F4-48A88A62C4CB}.Ad-Hoc|ARM.Build.0 = Debug|Any CPU
		{84A19AEE-DEE8-4288-A5F4-48A88A62C4CB}.Ad-Hoc|iPhone.ActiveCfg = Release|Any CPU
		{84A19AEE-DEE8-4288-A5F4-48A88A62C4CB}.Ad-Hoc|iPhoneSimulator.ActiveCfg = Release|Any CPU
		{84A19AEE-DEE8-4288-A5F4-48A88A62C4CB}.Ad-Hoc|Mixed Platforms.ActiveCfg = Release|Any CPU
		{84A19AEE-DEE8-4288-A5F4-48A88A62C4CB}.Ad-Hoc|Mixed Platforms.Build.0 = Release|Any CPU
		{84A19AEE-DEE8-4288-A5F4-48A88A62C4CB}.Ad-Hoc|x64.ActiveCfg = Debug|Any CPU
		{84A19AEE-DEE8-4288-A5F4-48A88A62C4CB}.Ad-Hoc|x64.Build.0 = Debug|Any CPU
		{84A19AEE-DEE8-4288-A5F4-48A88A62C4CB}.Ad-Hoc|x86.ActiveCfg = Debug|Any CPU
		{84A19AEE-DEE8-4288-A5F4-48A88A62C4CB}.Ad-Hoc|x86.Build.0 = Debug|Any CPU
		{84A19AEE-DEE8-4288-A5F4-48A88A62C4CB}.AppStore|Any CPU.ActiveCfg = Release|Any CPU
		{84A19AEE-DEE8-4288-A5F4-48A88A62C4CB}.AppStore|Any CPU.Build.0 = Release|Any CPU
		{84A19AEE-DEE8-4288-A5F4-48A88A62C4CB}.AppStore|ARM.ActiveCfg = Debug|Any CPU
		{84A19AEE-DEE8-4288-A5F4-48A88A62C4CB}.AppStore|ARM.Build.0 = Debug|Any CPU
		{84A19AEE-DEE8-4288-A5F4-48A88A62C4CB}.AppStore|iPhone.ActiveCfg = Release|Any CPU
		{84A19AEE-DEE8-4288-A5F4-48A88A62C4CB}.AppStore|iPhoneSimulator.ActiveCfg = Release|Any CPU
		{84A19AEE-DEE8-4288-A5F4-48A88A62C4CB}.AppStore|Mixed Platforms.ActiveCfg = Release|Any CPU
		{84A19AEE-DEE8-4288-A5F4-48A88A62C4CB}.AppStore|Mixed Platforms.Build.0 = Release|Any CPU
		{84A19AEE-DEE8-4288-A5F4-48A88A62C4CB}.AppStore|x64.ActiveCfg = Debug|Any CPU
		{84A19AEE-DEE8-4288-A5F4-48A88A62C4CB}.AppStore|x64.Build.0 = Debug|Any CPU
		{84A19AEE-DEE8-4288-A5F4-48A88A62C4CB}.AppStore|x86.ActiveCfg = Debug|Any CPU
		{84A19AEE-DEE8-4288-A5F4-48A88A62C4CB}.AppStore|x86.Build.0 = Debug|Any CPU
		{84A19AEE-DEE8-4288-A5F4-48A88A62C4CB}.Debug|Any CPU.ActiveCfg = Debug|Any CPU
		{84A19AEE-DEE8-4288-A5F4-48A88A62C4CB}.Debug|Any CPU.Build.0 = Debug|Any CPU
		{84A19AEE-DEE8-4288-A5F4-48A88A62C4CB}.Debug|ARM.ActiveCfg = Debug|Any CPU
		{84A19AEE-DEE8-4288-A5F4-48A88A62C4CB}.Debug|ARM.Build.0 = Debug|Any CPU
		{84A19AEE-DEE8-4288-A5F4-48A88A62C4CB}.Debug|iPhone.ActiveCfg = Debug|Any CPU
		{84A19AEE-DEE8-4288-A5F4-48A88A62C4CB}.Debug|iPhoneSimulator.ActiveCfg = Debug|Any CPU
		{84A19AEE-DEE8-4288-A5F4-48A88A62C4CB}.Debug|Mixed Platforms.ActiveCfg = Debug|Any CPU
		{84A19AEE-DEE8-4288-A5F4-48A88A62C4CB}.Debug|Mixed Platforms.Build.0 = Debug|Any CPU
		{84A19AEE-DEE8-4288-A5F4-48A88A62C4CB}.Debug|x64.ActiveCfg = Debug|Any CPU
		{84A19AEE-DEE8-4288-A5F4-48A88A62C4CB}.Debug|x64.Build.0 = Debug|Any CPU
		{84A19AEE-DEE8-4288-A5F4-48A88A62C4CB}.Debug|x86.ActiveCfg = Debug|Any CPU
		{84A19AEE-DEE8-4288-A5F4-48A88A62C4CB}.Debug|x86.Build.0 = Debug|Any CPU
		{84A19AEE-DEE8-4288-A5F4-48A88A62C4CB}.Release|Any CPU.ActiveCfg = Release|Any CPU
		{84A19AEE-DEE8-4288-A5F4-48A88A62C4CB}.Release|Any CPU.Build.0 = Release|Any CPU
		{84A19AEE-DEE8-4288-A5F4-48A88A62C4CB}.Release|ARM.ActiveCfg = Release|Any CPU
		{84A19AEE-DEE8-4288-A5F4-48A88A62C4CB}.Release|ARM.Build.0 = Release|Any CPU
		{84A19AEE-DEE8-4288-A5F4-48A88A62C4CB}.Release|iPhone.ActiveCfg = Release|Any CPU
		{84A19AEE-DEE8-4288-A5F4-48A88A62C4CB}.Release|iPhoneSimulator.ActiveCfg = Release|Any CPU
		{84A19AEE-DEE8-4288-A5F4-48A88A62C4CB}.Release|Mixed Platforms.ActiveCfg = Release|Any CPU
		{84A19AEE-DEE8-4288-A5F4-48A88A62C4CB}.Release|Mixed Platforms.Build.0 = Release|Any CPU
		{84A19AEE-DEE8-4288-A5F4-48A88A62C4CB}.Release|x64.ActiveCfg = Release|Any CPU
		{84A19AEE-DEE8-4288-A5F4-48A88A62C4CB}.Release|x64.Build.0 = Release|Any CPU
		{84A19AEE-DEE8-4288-A5F4-48A88A62C4CB}.Release|x86.ActiveCfg = Release|Any CPU
		{84A19AEE-DEE8-4288-A5F4-48A88A62C4CB}.Release|x86.Build.0 = Release|Any CPU
		{377D075B-88EB-4D85-B632-D1BB2A724371}.Ad-Hoc|Any CPU.ActiveCfg = Release|Any CPU
		{377D075B-88EB-4D85-B632-D1BB2A724371}.Ad-Hoc|Any CPU.Build.0 = Release|Any CPU
		{377D075B-88EB-4D85-B632-D1BB2A724371}.Ad-Hoc|ARM.ActiveCfg = Debug|Any CPU
		{377D075B-88EB-4D85-B632-D1BB2A724371}.Ad-Hoc|ARM.Build.0 = Debug|Any CPU
		{377D075B-88EB-4D85-B632-D1BB2A724371}.Ad-Hoc|iPhone.ActiveCfg = Release|Any CPU
		{377D075B-88EB-4D85-B632-D1BB2A724371}.Ad-Hoc|iPhoneSimulator.ActiveCfg = Release|Any CPU
		{377D075B-88EB-4D85-B632-D1BB2A724371}.Ad-Hoc|Mixed Platforms.ActiveCfg = Release|Any CPU
		{377D075B-88EB-4D85-B632-D1BB2A724371}.Ad-Hoc|Mixed Platforms.Build.0 = Release|Any CPU
		{377D075B-88EB-4D85-B632-D1BB2A724371}.Ad-Hoc|x64.ActiveCfg = Debug|Any CPU
		{377D075B-88EB-4D85-B632-D1BB2A724371}.Ad-Hoc|x64.Build.0 = Debug|Any CPU
		{377D075B-88EB-4D85-B632-D1BB2A724371}.Ad-Hoc|x86.ActiveCfg = Debug|Any CPU
		{377D075B-88EB-4D85-B632-D1BB2A724371}.Ad-Hoc|x86.Build.0 = Debug|Any CPU
		{377D075B-88EB-4D85-B632-D1BB2A724371}.AppStore|Any CPU.ActiveCfg = Release|Any CPU
		{377D075B-88EB-4D85-B632-D1BB2A724371}.AppStore|Any CPU.Build.0 = Release|Any CPU
		{377D075B-88EB-4D85-B632-D1BB2A724371}.AppStore|ARM.ActiveCfg = Debug|Any CPU
		{377D075B-88EB-4D85-B632-D1BB2A724371}.AppStore|ARM.Build.0 = Debug|Any CPU
		{377D075B-88EB-4D85-B632-D1BB2A724371}.AppStore|iPhone.ActiveCfg = Release|Any CPU
		{377D075B-88EB-4D85-B632-D1BB2A724371}.AppStore|iPhoneSimulator.ActiveCfg = Release|Any CPU
		{377D075B-88EB-4D85-B632-D1BB2A724371}.AppStore|Mixed Platforms.ActiveCfg = Release|Any CPU
		{377D075B-88EB-4D85-B632-D1BB2A724371}.AppStore|Mixed Platforms.Build.0 = Release|Any CPU
		{377D075B-88EB-4D85-B632-D1BB2A724371}.AppStore|x64.ActiveCfg = Debug|Any CPU
		{377D075B-88EB-4D85-B632-D1BB2A724371}.AppStore|x64.Build.0 = Debug|Any CPU
		{377D075B-88EB-4D85-B632-D1BB2A724371}.AppStore|x86.ActiveCfg = Debug|Any CPU
		{377D075B-88EB-4D85-B632-D1BB2A724371}.AppStore|x86.Build.0 = Debug|Any CPU
		{377D075B-88EB-4D85-B632-D1BB2A724371}.Debug|Any CPU.ActiveCfg = Debug|Any CPU
		{377D075B-88EB-4D85-B632-D1BB2A724371}.Debug|Any CPU.Build.0 = Debug|Any CPU
		{377D075B-88EB-4D85-B632-D1BB2A724371}.Debug|ARM.ActiveCfg = Debug|Any CPU
		{377D075B-88EB-4D85-B632-D1BB2A724371}.Debug|ARM.Build.0 = Debug|Any CPU
		{377D075B-88EB-4D85-B632-D1BB2A724371}.Debug|iPhone.ActiveCfg = Debug|Any CPU
		{377D075B-88EB-4D85-B632-D1BB2A724371}.Debug|iPhoneSimulator.ActiveCfg = Debug|Any CPU
		{377D075B-88EB-4D85-B632-D1BB2A724371}.Debug|Mixed Platforms.ActiveCfg = Debug|Any CPU
		{377D075B-88EB-4D85-B632-D1BB2A724371}.Debug|Mixed Platforms.Build.0 = Debug|Any CPU
		{377D075B-88EB-4D85-B632-D1BB2A724371}.Debug|x64.ActiveCfg = Debug|Any CPU
		{377D075B-88EB-4D85-B632-D1BB2A724371}.Debug|x64.Build.0 = Debug|Any CPU
		{377D075B-88EB-4D85-B632-D1BB2A724371}.Debug|x86.ActiveCfg = Debug|Any CPU
		{377D075B-88EB-4D85-B632-D1BB2A724371}.Debug|x86.Build.0 = Debug|Any CPU
		{377D075B-88EB-4D85-B632-D1BB2A724371}.Release|Any CPU.ActiveCfg = Release|Any CPU
		{377D075B-88EB-4D85-B632-D1BB2A724371}.Release|Any CPU.Build.0 = Release|Any CPU
		{377D075B-88EB-4D85-B632-D1BB2A724371}.Release|ARM.ActiveCfg = Release|Any CPU
		{377D075B-88EB-4D85-B632-D1BB2A724371}.Release|ARM.Build.0 = Release|Any CPU
		{377D075B-88EB-4D85-B632-D1BB2A724371}.Release|iPhone.ActiveCfg = Release|Any CPU
		{377D075B-88EB-4D85-B632-D1BB2A724371}.Release|iPhoneSimulator.ActiveCfg = Release|Any CPU
		{377D075B-88EB-4D85-B632-D1BB2A724371}.Release|Mixed Platforms.ActiveCfg = Release|Any CPU
		{377D075B-88EB-4D85-B632-D1BB2A724371}.Release|Mixed Platforms.Build.0 = Release|Any CPU
		{377D075B-88EB-4D85-B632-D1BB2A724371}.Release|x64.ActiveCfg = Release|Any CPU
		{377D075B-88EB-4D85-B632-D1BB2A724371}.Release|x64.Build.0 = Release|Any CPU
		{377D075B-88EB-4D85-B632-D1BB2A724371}.Release|x86.ActiveCfg = Release|Any CPU
		{377D075B-88EB-4D85-B632-D1BB2A724371}.Release|x86.Build.0 = Release|Any CPU
		{3AA59858-4571-41AE-883C-DA8423AD4BA3}.Ad-Hoc|Any CPU.ActiveCfg = Release|Any CPU
		{3AA59858-4571-41AE-883C-DA8423AD4BA3}.Ad-Hoc|Any CPU.Build.0 = Release|Any CPU
		{3AA59858-4571-41AE-883C-DA8423AD4BA3}.Ad-Hoc|ARM.ActiveCfg = Debug|Any CPU
		{3AA59858-4571-41AE-883C-DA8423AD4BA3}.Ad-Hoc|ARM.Build.0 = Debug|Any CPU
		{3AA59858-4571-41AE-883C-DA8423AD4BA3}.Ad-Hoc|iPhone.ActiveCfg = Release|Any CPU
		{3AA59858-4571-41AE-883C-DA8423AD4BA3}.Ad-Hoc|iPhoneSimulator.ActiveCfg = Release|Any CPU
		{3AA59858-4571-41AE-883C-DA8423AD4BA3}.Ad-Hoc|Mixed Platforms.ActiveCfg = Release|Any CPU
		{3AA59858-4571-41AE-883C-DA8423AD4BA3}.Ad-Hoc|Mixed Platforms.Build.0 = Release|Any CPU
		{3AA59858-4571-41AE-883C-DA8423AD4BA3}.Ad-Hoc|x64.ActiveCfg = Debug|Any CPU
		{3AA59858-4571-41AE-883C-DA8423AD4BA3}.Ad-Hoc|x64.Build.0 = Debug|Any CPU
		{3AA59858-4571-41AE-883C-DA8423AD4BA3}.Ad-Hoc|x86.ActiveCfg = Debug|Any CPU
		{3AA59858-4571-41AE-883C-DA8423AD4BA3}.Ad-Hoc|x86.Build.0 = Debug|Any CPU
		{3AA59858-4571-41AE-883C-DA8423AD4BA3}.AppStore|Any CPU.ActiveCfg = Release|Any CPU
		{3AA59858-4571-41AE-883C-DA8423AD4BA3}.AppStore|Any CPU.Build.0 = Release|Any CPU
		{3AA59858-4571-41AE-883C-DA8423AD4BA3}.AppStore|ARM.ActiveCfg = Debug|Any CPU
		{3AA59858-4571-41AE-883C-DA8423AD4BA3}.AppStore|ARM.Build.0 = Debug|Any CPU
		{3AA59858-4571-41AE-883C-DA8423AD4BA3}.AppStore|iPhone.ActiveCfg = Release|Any CPU
		{3AA59858-4571-41AE-883C-DA8423AD4BA3}.AppStore|iPhoneSimulator.ActiveCfg = Release|Any CPU
		{3AA59858-4571-41AE-883C-DA8423AD4BA3}.AppStore|Mixed Platforms.ActiveCfg = Release|Any CPU
		{3AA59858-4571-41AE-883C-DA8423AD4BA3}.AppStore|Mixed Platforms.Build.0 = Release|Any CPU
		{3AA59858-4571-41AE-883C-DA8423AD4BA3}.AppStore|x64.ActiveCfg = Debug|Any CPU
		{3AA59858-4571-41AE-883C-DA8423AD4BA3}.AppStore|x64.Build.0 = Debug|Any CPU
		{3AA59858-4571-41AE-883C-DA8423AD4BA3}.AppStore|x86.ActiveCfg = Debug|Any CPU
		{3AA59858-4571-41AE-883C-DA8423AD4BA3}.AppStore|x86.Build.0 = Debug|Any CPU
		{3AA59858-4571-41AE-883C-DA8423AD4BA3}.Debug|Any CPU.ActiveCfg = Debug|Any CPU
		{3AA59858-4571-41AE-883C-DA8423AD4BA3}.Debug|Any CPU.Build.0 = Debug|Any CPU
		{3AA59858-4571-41AE-883C-DA8423AD4BA3}.Debug|ARM.ActiveCfg = Debug|Any CPU
		{3AA59858-4571-41AE-883C-DA8423AD4BA3}.Debug|ARM.Build.0 = Debug|Any CPU
		{3AA59858-4571-41AE-883C-DA8423AD4BA3}.Debug|iPhone.ActiveCfg = Debug|Any CPU
		{3AA59858-4571-41AE-883C-DA8423AD4BA3}.Debug|iPhoneSimulator.ActiveCfg = Debug|Any CPU
		{3AA59858-4571-41AE-883C-DA8423AD4BA3}.Debug|Mixed Platforms.ActiveCfg = Debug|Any CPU
		{3AA59858-4571-41AE-883C-DA8423AD4BA3}.Debug|Mixed Platforms.Build.0 = Debug|Any CPU
		{3AA59858-4571-41AE-883C-DA8423AD4BA3}.Debug|x64.ActiveCfg = Debug|Any CPU
		{3AA59858-4571-41AE-883C-DA8423AD4BA3}.Debug|x64.Build.0 = Debug|Any CPU
		{3AA59858-4571-41AE-883C-DA8423AD4BA3}.Debug|x86.ActiveCfg = Debug|Any CPU
		{3AA59858-4571-41AE-883C-DA8423AD4BA3}.Debug|x86.Build.0 = Debug|Any CPU
		{3AA59858-4571-41AE-883C-DA8423AD4BA3}.Release|Any CPU.ActiveCfg = Release|Any CPU
		{3AA59858-4571-41AE-883C-DA8423AD4BA3}.Release|Any CPU.Build.0 = Release|Any CPU
		{3AA59858-4571-41AE-883C-DA8423AD4BA3}.Release|ARM.ActiveCfg = Release|Any CPU
		{3AA59858-4571-41AE-883C-DA8423AD4BA3}.Release|ARM.Build.0 = Release|Any CPU
		{3AA59858-4571-41AE-883C-DA8423AD4BA3}.Release|iPhone.ActiveCfg = Release|Any CPU
		{3AA59858-4571-41AE-883C-DA8423AD4BA3}.Release|iPhoneSimulator.ActiveCfg = Release|Any CPU
		{3AA59858-4571-41AE-883C-DA8423AD4BA3}.Release|Mixed Platforms.ActiveCfg = Release|Any CPU
		{3AA59858-4571-41AE-883C-DA8423AD4BA3}.Release|Mixed Platforms.Build.0 = Release|Any CPU
		{3AA59858-4571-41AE-883C-DA8423AD4BA3}.Release|x64.ActiveCfg = Release|Any CPU
		{3AA59858-4571-41AE-883C-DA8423AD4BA3}.Release|x64.Build.0 = Release|Any CPU
		{3AA59858-4571-41AE-883C-DA8423AD4BA3}.Release|x86.ActiveCfg = Release|Any CPU
		{3AA59858-4571-41AE-883C-DA8423AD4BA3}.Release|x86.Build.0 = Release|Any CPU
		{AFA2F98F-7C20-42AA-B18F-D1788B05F627}.Ad-Hoc|Any CPU.ActiveCfg = Release|Any CPU
		{AFA2F98F-7C20-42AA-B18F-D1788B05F627}.Ad-Hoc|Any CPU.Build.0 = Release|Any CPU
		{AFA2F98F-7C20-42AA-B18F-D1788B05F627}.Ad-Hoc|Any CPU.Deploy.0 = Release|Any CPU
		{AFA2F98F-7C20-42AA-B18F-D1788B05F627}.Ad-Hoc|ARM.ActiveCfg = Debug|Any CPU
		{AFA2F98F-7C20-42AA-B18F-D1788B05F627}.Ad-Hoc|ARM.Build.0 = Debug|Any CPU
		{AFA2F98F-7C20-42AA-B18F-D1788B05F627}.Ad-Hoc|ARM.Deploy.0 = Debug|Any CPU
		{AFA2F98F-7C20-42AA-B18F-D1788B05F627}.Ad-Hoc|iPhone.ActiveCfg = Release|Any CPU
		{AFA2F98F-7C20-42AA-B18F-D1788B05F627}.Ad-Hoc|iPhoneSimulator.ActiveCfg = Release|Any CPU
		{AFA2F98F-7C20-42AA-B18F-D1788B05F627}.Ad-Hoc|Mixed Platforms.ActiveCfg = Release|Any CPU
		{AFA2F98F-7C20-42AA-B18F-D1788B05F627}.Ad-Hoc|Mixed Platforms.Build.0 = Release|Any CPU
		{AFA2F98F-7C20-42AA-B18F-D1788B05F627}.Ad-Hoc|Mixed Platforms.Deploy.0 = Release|Any CPU
		{AFA2F98F-7C20-42AA-B18F-D1788B05F627}.Ad-Hoc|x64.ActiveCfg = Debug|Any CPU
		{AFA2F98F-7C20-42AA-B18F-D1788B05F627}.Ad-Hoc|x64.Build.0 = Debug|Any CPU
		{AFA2F98F-7C20-42AA-B18F-D1788B05F627}.Ad-Hoc|x64.Deploy.0 = Debug|Any CPU
		{AFA2F98F-7C20-42AA-B18F-D1788B05F627}.Ad-Hoc|x86.ActiveCfg = Debug|Any CPU
		{AFA2F98F-7C20-42AA-B18F-D1788B05F627}.Ad-Hoc|x86.Build.0 = Debug|Any CPU
		{AFA2F98F-7C20-42AA-B18F-D1788B05F627}.Ad-Hoc|x86.Deploy.0 = Debug|Any CPU
		{AFA2F98F-7C20-42AA-B18F-D1788B05F627}.AppStore|Any CPU.ActiveCfg = Release|Any CPU
		{AFA2F98F-7C20-42AA-B18F-D1788B05F627}.AppStore|Any CPU.Build.0 = Release|Any CPU
		{AFA2F98F-7C20-42AA-B18F-D1788B05F627}.AppStore|Any CPU.Deploy.0 = Release|Any CPU
		{AFA2F98F-7C20-42AA-B18F-D1788B05F627}.AppStore|ARM.ActiveCfg = Debug|Any CPU
		{AFA2F98F-7C20-42AA-B18F-D1788B05F627}.AppStore|ARM.Build.0 = Debug|Any CPU
		{AFA2F98F-7C20-42AA-B18F-D1788B05F627}.AppStore|ARM.Deploy.0 = Debug|Any CPU
		{AFA2F98F-7C20-42AA-B18F-D1788B05F627}.AppStore|iPhone.ActiveCfg = Release|Any CPU
		{AFA2F98F-7C20-42AA-B18F-D1788B05F627}.AppStore|iPhoneSimulator.ActiveCfg = Release|Any CPU
		{AFA2F98F-7C20-42AA-B18F-D1788B05F627}.AppStore|Mixed Platforms.ActiveCfg = Release|Any CPU
		{AFA2F98F-7C20-42AA-B18F-D1788B05F627}.AppStore|Mixed Platforms.Build.0 = Release|Any CPU
		{AFA2F98F-7C20-42AA-B18F-D1788B05F627}.AppStore|Mixed Platforms.Deploy.0 = Release|Any CPU
		{AFA2F98F-7C20-42AA-B18F-D1788B05F627}.AppStore|x64.ActiveCfg = Debug|Any CPU
		{AFA2F98F-7C20-42AA-B18F-D1788B05F627}.AppStore|x64.Build.0 = Debug|Any CPU
		{AFA2F98F-7C20-42AA-B18F-D1788B05F627}.AppStore|x64.Deploy.0 = Debug|Any CPU
		{AFA2F98F-7C20-42AA-B18F-D1788B05F627}.AppStore|x86.ActiveCfg = Debug|Any CPU
		{AFA2F98F-7C20-42AA-B18F-D1788B05F627}.AppStore|x86.Build.0 = Debug|Any CPU
		{AFA2F98F-7C20-42AA-B18F-D1788B05F627}.AppStore|x86.Deploy.0 = Debug|Any CPU
		{AFA2F98F-7C20-42AA-B18F-D1788B05F627}.Debug|Any CPU.ActiveCfg = Debug|Any CPU
		{AFA2F98F-7C20-42AA-B18F-D1788B05F627}.Debug|Any CPU.Build.0 = Debug|Any CPU
		{AFA2F98F-7C20-42AA-B18F-D1788B05F627}.Debug|Any CPU.Deploy.0 = Debug|Any CPU
		{AFA2F98F-7C20-42AA-B18F-D1788B05F627}.Debug|ARM.ActiveCfg = Debug|Any CPU
		{AFA2F98F-7C20-42AA-B18F-D1788B05F627}.Debug|ARM.Build.0 = Debug|Any CPU
		{AFA2F98F-7C20-42AA-B18F-D1788B05F627}.Debug|ARM.Deploy.0 = Debug|Any CPU
		{AFA2F98F-7C20-42AA-B18F-D1788B05F627}.Debug|iPhone.ActiveCfg = Debug|Any CPU
		{AFA2F98F-7C20-42AA-B18F-D1788B05F627}.Debug|iPhoneSimulator.ActiveCfg = Debug|Any CPU
		{AFA2F98F-7C20-42AA-B18F-D1788B05F627}.Debug|Mixed Platforms.ActiveCfg = Debug|Any CPU
		{AFA2F98F-7C20-42AA-B18F-D1788B05F627}.Debug|Mixed Platforms.Build.0 = Debug|Any CPU
		{AFA2F98F-7C20-42AA-B18F-D1788B05F627}.Debug|Mixed Platforms.Deploy.0 = Debug|Any CPU
		{AFA2F98F-7C20-42AA-B18F-D1788B05F627}.Debug|x64.ActiveCfg = Debug|Any CPU
		{AFA2F98F-7C20-42AA-B18F-D1788B05F627}.Debug|x64.Build.0 = Debug|Any CPU
		{AFA2F98F-7C20-42AA-B18F-D1788B05F627}.Debug|x64.Deploy.0 = Debug|Any CPU
		{AFA2F98F-7C20-42AA-B18F-D1788B05F627}.Debug|x86.ActiveCfg = Debug|Any CPU
		{AFA2F98F-7C20-42AA-B18F-D1788B05F627}.Debug|x86.Build.0 = Debug|Any CPU
		{AFA2F98F-7C20-42AA-B18F-D1788B05F627}.Debug|x86.Deploy.0 = Debug|Any CPU
		{AFA2F98F-7C20-42AA-B18F-D1788B05F627}.Release|Any CPU.ActiveCfg = Release|Any CPU
		{AFA2F98F-7C20-42AA-B18F-D1788B05F627}.Release|Any CPU.Build.0 = Release|Any CPU
		{AFA2F98F-7C20-42AA-B18F-D1788B05F627}.Release|Any CPU.Deploy.0 = Release|Any CPU
		{AFA2F98F-7C20-42AA-B18F-D1788B05F627}.Release|ARM.ActiveCfg = Release|Any CPU
		{AFA2F98F-7C20-42AA-B18F-D1788B05F627}.Release|ARM.Build.0 = Release|Any CPU
		{AFA2F98F-7C20-42AA-B18F-D1788B05F627}.Release|ARM.Deploy.0 = Release|Any CPU
		{AFA2F98F-7C20-42AA-B18F-D1788B05F627}.Release|iPhone.ActiveCfg = Release|Any CPU
		{AFA2F98F-7C20-42AA-B18F-D1788B05F627}.Release|iPhoneSimulator.ActiveCfg = Release|Any CPU
		{AFA2F98F-7C20-42AA-B18F-D1788B05F627}.Release|Mixed Platforms.ActiveCfg = Release|Any CPU
		{AFA2F98F-7C20-42AA-B18F-D1788B05F627}.Release|Mixed Platforms.Build.0 = Release|Any CPU
		{AFA2F98F-7C20-42AA-B18F-D1788B05F627}.Release|Mixed Platforms.Deploy.0 = Release|Any CPU
		{AFA2F98F-7C20-42AA-B18F-D1788B05F627}.Release|x64.ActiveCfg = Release|Any CPU
		{AFA2F98F-7C20-42AA-B18F-D1788B05F627}.Release|x64.Build.0 = Release|Any CPU
		{AFA2F98F-7C20-42AA-B18F-D1788B05F627}.Release|x64.Deploy.0 = Release|Any CPU
		{AFA2F98F-7C20-42AA-B18F-D1788B05F627}.Release|x86.ActiveCfg = Release|Any CPU
		{AFA2F98F-7C20-42AA-B18F-D1788B05F627}.Release|x86.Build.0 = Release|Any CPU
		{AFA2F98F-7C20-42AA-B18F-D1788B05F627}.Release|x86.Deploy.0 = Release|Any CPU
		{2CF2A174-9568-48F4-87FC-A3CBB8836F38}.Ad-Hoc|Any CPU.ActiveCfg = Ad-Hoc|iPhone
		{2CF2A174-9568-48F4-87FC-A3CBB8836F38}.Ad-Hoc|ARM.ActiveCfg = Ad-Hoc|iPhoneSimulator
		{2CF2A174-9568-48F4-87FC-A3CBB8836F38}.Ad-Hoc|iPhone.ActiveCfg = Ad-Hoc|iPhone
		{2CF2A174-9568-48F4-87FC-A3CBB8836F38}.Ad-Hoc|iPhone.Build.0 = Ad-Hoc|iPhone
		{2CF2A174-9568-48F4-87FC-A3CBB8836F38}.Ad-Hoc|iPhoneSimulator.ActiveCfg = Ad-Hoc|iPhoneSimulator
		{2CF2A174-9568-48F4-87FC-A3CBB8836F38}.Ad-Hoc|iPhoneSimulator.Build.0 = Ad-Hoc|iPhoneSimulator
		{2CF2A174-9568-48F4-87FC-A3CBB8836F38}.Ad-Hoc|Mixed Platforms.ActiveCfg = Ad-Hoc|iPhone
		{2CF2A174-9568-48F4-87FC-A3CBB8836F38}.Ad-Hoc|Mixed Platforms.Build.0 = Ad-Hoc|iPhone
		{2CF2A174-9568-48F4-87FC-A3CBB8836F38}.Ad-Hoc|x64.ActiveCfg = Ad-Hoc|iPhoneSimulator
		{2CF2A174-9568-48F4-87FC-A3CBB8836F38}.Ad-Hoc|x86.ActiveCfg = Ad-Hoc|iPhoneSimulator
		{2CF2A174-9568-48F4-87FC-A3CBB8836F38}.AppStore|Any CPU.ActiveCfg = AppStore|iPhone
		{2CF2A174-9568-48F4-87FC-A3CBB8836F38}.AppStore|ARM.ActiveCfg = AppStore|iPhoneSimulator
		{2CF2A174-9568-48F4-87FC-A3CBB8836F38}.AppStore|iPhone.ActiveCfg = AppStore|iPhone
		{2CF2A174-9568-48F4-87FC-A3CBB8836F38}.AppStore|iPhone.Build.0 = AppStore|iPhone
		{2CF2A174-9568-48F4-87FC-A3CBB8836F38}.AppStore|iPhoneSimulator.ActiveCfg = AppStore|iPhoneSimulator
		{2CF2A174-9568-48F4-87FC-A3CBB8836F38}.AppStore|iPhoneSimulator.Build.0 = AppStore|iPhoneSimulator
		{2CF2A174-9568-48F4-87FC-A3CBB8836F38}.AppStore|Mixed Platforms.ActiveCfg = AppStore|iPhone
		{2CF2A174-9568-48F4-87FC-A3CBB8836F38}.AppStore|Mixed Platforms.Build.0 = AppStore|iPhone
		{2CF2A174-9568-48F4-87FC-A3CBB8836F38}.AppStore|x64.ActiveCfg = AppStore|iPhoneSimulator
		{2CF2A174-9568-48F4-87FC-A3CBB8836F38}.AppStore|x86.ActiveCfg = AppStore|iPhoneSimulator
		{2CF2A174-9568-48F4-87FC-A3CBB8836F38}.Debug|Any CPU.ActiveCfg = Debug|iPhone
		{2CF2A174-9568-48F4-87FC-A3CBB8836F38}.Debug|Any CPU.Build.0 = Debug|iPhone
		{2CF2A174-9568-48F4-87FC-A3CBB8836F38}.Debug|ARM.ActiveCfg = Debug|iPhoneSimulator
		{2CF2A174-9568-48F4-87FC-A3CBB8836F38}.Debug|iPhone.ActiveCfg = Debug|iPhone
		{2CF2A174-9568-48F4-87FC-A3CBB8836F38}.Debug|iPhone.Build.0 = Debug|iPhone
		{2CF2A174-9568-48F4-87FC-A3CBB8836F38}.Debug|iPhoneSimulator.ActiveCfg = Debug|iPhoneSimulator
		{2CF2A174-9568-48F4-87FC-A3CBB8836F38}.Debug|iPhoneSimulator.Build.0 = Debug|iPhoneSimulator
		{2CF2A174-9568-48F4-87FC-A3CBB8836F38}.Debug|Mixed Platforms.ActiveCfg = Debug|iPhone
		{2CF2A174-9568-48F4-87FC-A3CBB8836F38}.Debug|Mixed Platforms.Build.0 = Debug|iPhone
		{2CF2A174-9568-48F4-87FC-A3CBB8836F38}.Debug|x64.ActiveCfg = Debug|iPhoneSimulator
		{2CF2A174-9568-48F4-87FC-A3CBB8836F38}.Debug|x86.ActiveCfg = Debug|iPhoneSimulator
		{2CF2A174-9568-48F4-87FC-A3CBB8836F38}.Release|Any CPU.ActiveCfg = Release|iPhone
		{2CF2A174-9568-48F4-87FC-A3CBB8836F38}.Release|ARM.ActiveCfg = Release|iPhoneSimulator
		{2CF2A174-9568-48F4-87FC-A3CBB8836F38}.Release|iPhone.ActiveCfg = Release|iPhone
		{2CF2A174-9568-48F4-87FC-A3CBB8836F38}.Release|iPhone.Build.0 = Release|iPhone
		{2CF2A174-9568-48F4-87FC-A3CBB8836F38}.Release|iPhoneSimulator.ActiveCfg = Release|iPhoneSimulator
		{2CF2A174-9568-48F4-87FC-A3CBB8836F38}.Release|iPhoneSimulator.Build.0 = Release|iPhoneSimulator
		{2CF2A174-9568-48F4-87FC-A3CBB8836F38}.Release|Mixed Platforms.ActiveCfg = Release|iPhone
		{2CF2A174-9568-48F4-87FC-A3CBB8836F38}.Release|Mixed Platforms.Build.0 = Release|iPhone
		{2CF2A174-9568-48F4-87FC-A3CBB8836F38}.Release|x64.ActiveCfg = Release|iPhoneSimulator
		{2CF2A174-9568-48F4-87FC-A3CBB8836F38}.Release|x86.ActiveCfg = Release|iPhoneSimulator
		{E9D14D64-A7CB-4324-AD09-A14A2DD8AFEA}.Ad-Hoc|Any CPU.ActiveCfg = Release|iPhone
		{E9D14D64-A7CB-4324-AD09-A14A2DD8AFEA}.Ad-Hoc|ARM.ActiveCfg = Debug|iPhone
		{E9D14D64-A7CB-4324-AD09-A14A2DD8AFEA}.Ad-Hoc|ARM.Build.0 = Debug|iPhone
		{E9D14D64-A7CB-4324-AD09-A14A2DD8AFEA}.Ad-Hoc|iPhone.ActiveCfg = Release|iPhone
		{E9D14D64-A7CB-4324-AD09-A14A2DD8AFEA}.Ad-Hoc|iPhone.Build.0 = Release|iPhone
		{E9D14D64-A7CB-4324-AD09-A14A2DD8AFEA}.Ad-Hoc|iPhoneSimulator.ActiveCfg = Release|iPhone
		{E9D14D64-A7CB-4324-AD09-A14A2DD8AFEA}.Ad-Hoc|Mixed Platforms.ActiveCfg = Release|iPhone
		{E9D14D64-A7CB-4324-AD09-A14A2DD8AFEA}.Ad-Hoc|Mixed Platforms.Build.0 = Release|iPhone
		{E9D14D64-A7CB-4324-AD09-A14A2DD8AFEA}.Ad-Hoc|x64.ActiveCfg = Debug|iPhone
		{E9D14D64-A7CB-4324-AD09-A14A2DD8AFEA}.Ad-Hoc|x64.Build.0 = Debug|iPhone
		{E9D14D64-A7CB-4324-AD09-A14A2DD8AFEA}.Ad-Hoc|x86.ActiveCfg = Debug|iPhone
		{E9D14D64-A7CB-4324-AD09-A14A2DD8AFEA}.Ad-Hoc|x86.Build.0 = Debug|iPhone
		{E9D14D64-A7CB-4324-AD09-A14A2DD8AFEA}.AppStore|Any CPU.ActiveCfg = Release|iPhone
		{E9D14D64-A7CB-4324-AD09-A14A2DD8AFEA}.AppStore|ARM.ActiveCfg = Debug|iPhone
		{E9D14D64-A7CB-4324-AD09-A14A2DD8AFEA}.AppStore|ARM.Build.0 = Debug|iPhone
		{E9D14D64-A7CB-4324-AD09-A14A2DD8AFEA}.AppStore|iPhone.ActiveCfg = Release|iPhone
		{E9D14D64-A7CB-4324-AD09-A14A2DD8AFEA}.AppStore|iPhone.Build.0 = Release|iPhone
		{E9D14D64-A7CB-4324-AD09-A14A2DD8AFEA}.AppStore|iPhoneSimulator.ActiveCfg = Release|iPhone
		{E9D14D64-A7CB-4324-AD09-A14A2DD8AFEA}.AppStore|Mixed Platforms.ActiveCfg = Release|iPhone
		{E9D14D64-A7CB-4324-AD09-A14A2DD8AFEA}.AppStore|Mixed Platforms.Build.0 = Release|iPhone
		{E9D14D64-A7CB-4324-AD09-A14A2DD8AFEA}.AppStore|x64.ActiveCfg = Debug|iPhone
		{E9D14D64-A7CB-4324-AD09-A14A2DD8AFEA}.AppStore|x64.Build.0 = Debug|iPhone
		{E9D14D64-A7CB-4324-AD09-A14A2DD8AFEA}.AppStore|x86.ActiveCfg = Debug|iPhone
		{E9D14D64-A7CB-4324-AD09-A14A2DD8AFEA}.AppStore|x86.Build.0 = Debug|iPhone
		{E9D14D64-A7CB-4324-AD09-A14A2DD8AFEA}.Debug|Any CPU.ActiveCfg = Debug|iPhone
		{E9D14D64-A7CB-4324-AD09-A14A2DD8AFEA}.Debug|Any CPU.Build.0 = Debug|iPhone
		{E9D14D64-A7CB-4324-AD09-A14A2DD8AFEA}.Debug|ARM.ActiveCfg = Debug|iPhone
		{E9D14D64-A7CB-4324-AD09-A14A2DD8AFEA}.Debug|iPhone.ActiveCfg = Debug|iPhone
		{E9D14D64-A7CB-4324-AD09-A14A2DD8AFEA}.Debug|iPhone.Build.0 = Debug|iPhone
		{E9D14D64-A7CB-4324-AD09-A14A2DD8AFEA}.Debug|iPhoneSimulator.ActiveCfg = Debug|iPhone
		{E9D14D64-A7CB-4324-AD09-A14A2DD8AFEA}.Debug|Mixed Platforms.ActiveCfg = Debug|iPhone
		{E9D14D64-A7CB-4324-AD09-A14A2DD8AFEA}.Debug|Mixed Platforms.Build.0 = Debug|iPhone
		{E9D14D64-A7CB-4324-AD09-A14A2DD8AFEA}.Debug|x64.ActiveCfg = Debug|iPhone
		{E9D14D64-A7CB-4324-AD09-A14A2DD8AFEA}.Debug|x86.ActiveCfg = Debug|iPhone
		{E9D14D64-A7CB-4324-AD09-A14A2DD8AFEA}.Release|Any CPU.ActiveCfg = Release|iPhone
		{E9D14D64-A7CB-4324-AD09-A14A2DD8AFEA}.Release|ARM.ActiveCfg = Release|iPhone
		{E9D14D64-A7CB-4324-AD09-A14A2DD8AFEA}.Release|iPhone.ActiveCfg = Release|iPhone
		{E9D14D64-A7CB-4324-AD09-A14A2DD8AFEA}.Release|iPhone.Build.0 = Release|iPhone
		{E9D14D64-A7CB-4324-AD09-A14A2DD8AFEA}.Release|iPhoneSimulator.ActiveCfg = Release|iPhone
		{E9D14D64-A7CB-4324-AD09-A14A2DD8AFEA}.Release|Mixed Platforms.ActiveCfg = Release|iPhone
		{E9D14D64-A7CB-4324-AD09-A14A2DD8AFEA}.Release|Mixed Platforms.Build.0 = Release|iPhone
		{E9D14D64-A7CB-4324-AD09-A14A2DD8AFEA}.Release|x64.ActiveCfg = Release|iPhone
		{E9D14D64-A7CB-4324-AD09-A14A2DD8AFEA}.Release|x86.ActiveCfg = Release|iPhone
		{A3B2D1FA-97DA-434A-92C9-BC357EBE9027}.Ad-Hoc|Any CPU.ActiveCfg = Release|Any CPU
		{A3B2D1FA-97DA-434A-92C9-BC357EBE9027}.Ad-Hoc|Any CPU.Build.0 = Release|Any CPU
		{A3B2D1FA-97DA-434A-92C9-BC357EBE9027}.Ad-Hoc|Any CPU.Deploy.0 = Release|Any CPU
		{A3B2D1FA-97DA-434A-92C9-BC357EBE9027}.Ad-Hoc|ARM.ActiveCfg = Release|ARM
		{A3B2D1FA-97DA-434A-92C9-BC357EBE9027}.Ad-Hoc|ARM.Build.0 = Release|ARM
		{A3B2D1FA-97DA-434A-92C9-BC357EBE9027}.Ad-Hoc|ARM.Deploy.0 = Release|ARM
		{A3B2D1FA-97DA-434A-92C9-BC357EBE9027}.Ad-Hoc|iPhone.ActiveCfg = Release|Any CPU
		{A3B2D1FA-97DA-434A-92C9-BC357EBE9027}.Ad-Hoc|iPhone.Build.0 = Release|Any CPU
		{A3B2D1FA-97DA-434A-92C9-BC357EBE9027}.Ad-Hoc|iPhone.Deploy.0 = Release|Any CPU
		{A3B2D1FA-97DA-434A-92C9-BC357EBE9027}.Ad-Hoc|iPhoneSimulator.ActiveCfg = Release|Any CPU
		{A3B2D1FA-97DA-434A-92C9-BC357EBE9027}.Ad-Hoc|iPhoneSimulator.Build.0 = Release|Any CPU
		{A3B2D1FA-97DA-434A-92C9-BC357EBE9027}.Ad-Hoc|iPhoneSimulator.Deploy.0 = Release|Any CPU
		{A3B2D1FA-97DA-434A-92C9-BC357EBE9027}.Ad-Hoc|Mixed Platforms.ActiveCfg = Release|x86
		{A3B2D1FA-97DA-434A-92C9-BC357EBE9027}.Ad-Hoc|Mixed Platforms.Build.0 = Release|x86
		{A3B2D1FA-97DA-434A-92C9-BC357EBE9027}.Ad-Hoc|Mixed Platforms.Deploy.0 = Release|x86
		{A3B2D1FA-97DA-434A-92C9-BC357EBE9027}.Ad-Hoc|x64.ActiveCfg = Release|Any CPU
		{A3B2D1FA-97DA-434A-92C9-BC357EBE9027}.Ad-Hoc|x64.Build.0 = Release|Any CPU
		{A3B2D1FA-97DA-434A-92C9-BC357EBE9027}.Ad-Hoc|x64.Deploy.0 = Release|Any CPU
		{A3B2D1FA-97DA-434A-92C9-BC357EBE9027}.Ad-Hoc|x86.ActiveCfg = Release|x86
		{A3B2D1FA-97DA-434A-92C9-BC357EBE9027}.Ad-Hoc|x86.Build.0 = Release|x86
		{A3B2D1FA-97DA-434A-92C9-BC357EBE9027}.Ad-Hoc|x86.Deploy.0 = Release|x86
		{A3B2D1FA-97DA-434A-92C9-BC357EBE9027}.AppStore|Any CPU.ActiveCfg = Release|Any CPU
		{A3B2D1FA-97DA-434A-92C9-BC357EBE9027}.AppStore|Any CPU.Build.0 = Release|Any CPU
		{A3B2D1FA-97DA-434A-92C9-BC357EBE9027}.AppStore|Any CPU.Deploy.0 = Release|Any CPU
		{A3B2D1FA-97DA-434A-92C9-BC357EBE9027}.AppStore|ARM.ActiveCfg = Release|ARM
		{A3B2D1FA-97DA-434A-92C9-BC357EBE9027}.AppStore|ARM.Build.0 = Release|ARM
		{A3B2D1FA-97DA-434A-92C9-BC357EBE9027}.AppStore|ARM.Deploy.0 = Release|ARM
		{A3B2D1FA-97DA-434A-92C9-BC357EBE9027}.AppStore|iPhone.ActiveCfg = Release|Any CPU
		{A3B2D1FA-97DA-434A-92C9-BC357EBE9027}.AppStore|iPhone.Build.0 = Release|Any CPU
		{A3B2D1FA-97DA-434A-92C9-BC357EBE9027}.AppStore|iPhone.Deploy.0 = Release|Any CPU
		{A3B2D1FA-97DA-434A-92C9-BC357EBE9027}.AppStore|iPhoneSimulator.ActiveCfg = Release|Any CPU
		{A3B2D1FA-97DA-434A-92C9-BC357EBE9027}.AppStore|iPhoneSimulator.Build.0 = Release|Any CPU
		{A3B2D1FA-97DA-434A-92C9-BC357EBE9027}.AppStore|iPhoneSimulator.Deploy.0 = Release|Any CPU
		{A3B2D1FA-97DA-434A-92C9-BC357EBE9027}.AppStore|Mixed Platforms.ActiveCfg = Release|x86
		{A3B2D1FA-97DA-434A-92C9-BC357EBE9027}.AppStore|Mixed Platforms.Build.0 = Release|x86
		{A3B2D1FA-97DA-434A-92C9-BC357EBE9027}.AppStore|Mixed Platforms.Deploy.0 = Release|x86
		{A3B2D1FA-97DA-434A-92C9-BC357EBE9027}.AppStore|x64.ActiveCfg = Release|Any CPU
		{A3B2D1FA-97DA-434A-92C9-BC357EBE9027}.AppStore|x64.Build.0 = Release|Any CPU
		{A3B2D1FA-97DA-434A-92C9-BC357EBE9027}.AppStore|x64.Deploy.0 = Release|Any CPU
		{A3B2D1FA-97DA-434A-92C9-BC357EBE9027}.AppStore|x86.ActiveCfg = Release|x86
		{A3B2D1FA-97DA-434A-92C9-BC357EBE9027}.AppStore|x86.Build.0 = Release|x86
		{A3B2D1FA-97DA-434A-92C9-BC357EBE9027}.AppStore|x86.Deploy.0 = Release|x86
		{A3B2D1FA-97DA-434A-92C9-BC357EBE9027}.Debug|Any CPU.ActiveCfg = Debug|Any CPU
		{A3B2D1FA-97DA-434A-92C9-BC357EBE9027}.Debug|Any CPU.Build.0 = Debug|Any CPU
		{A3B2D1FA-97DA-434A-92C9-BC357EBE9027}.Debug|Any CPU.Deploy.0 = Debug|Any CPU
		{A3B2D1FA-97DA-434A-92C9-BC357EBE9027}.Debug|ARM.ActiveCfg = Debug|ARM
		{A3B2D1FA-97DA-434A-92C9-BC357EBE9027}.Debug|ARM.Build.0 = Debug|ARM
		{A3B2D1FA-97DA-434A-92C9-BC357EBE9027}.Debug|ARM.Deploy.0 = Debug|ARM
		{A3B2D1FA-97DA-434A-92C9-BC357EBE9027}.Debug|iPhone.ActiveCfg = Debug|Any CPU
		{A3B2D1FA-97DA-434A-92C9-BC357EBE9027}.Debug|iPhone.Build.0 = Debug|Any CPU
		{A3B2D1FA-97DA-434A-92C9-BC357EBE9027}.Debug|iPhone.Deploy.0 = Debug|Any CPU
		{A3B2D1FA-97DA-434A-92C9-BC357EBE9027}.Debug|iPhoneSimulator.ActiveCfg = Debug|Any CPU
		{A3B2D1FA-97DA-434A-92C9-BC357EBE9027}.Debug|iPhoneSimulator.Build.0 = Debug|Any CPU
		{A3B2D1FA-97DA-434A-92C9-BC357EBE9027}.Debug|iPhoneSimulator.Deploy.0 = Debug|Any CPU
		{A3B2D1FA-97DA-434A-92C9-BC357EBE9027}.Debug|Mixed Platforms.ActiveCfg = Debug|x86
		{A3B2D1FA-97DA-434A-92C9-BC357EBE9027}.Debug|Mixed Platforms.Build.0 = Debug|x86
		{A3B2D1FA-97DA-434A-92C9-BC357EBE9027}.Debug|Mixed Platforms.Deploy.0 = Debug|x86
		{A3B2D1FA-97DA-434A-92C9-BC357EBE9027}.Debug|x64.ActiveCfg = Debug|Any CPU
		{A3B2D1FA-97DA-434A-92C9-BC357EBE9027}.Debug|x64.Build.0 = Debug|Any CPU
		{A3B2D1FA-97DA-434A-92C9-BC357EBE9027}.Debug|x64.Deploy.0 = Debug|Any CPU
		{A3B2D1FA-97DA-434A-92C9-BC357EBE9027}.Debug|x86.ActiveCfg = Debug|x86
		{A3B2D1FA-97DA-434A-92C9-BC357EBE9027}.Debug|x86.Build.0 = Debug|x86
		{A3B2D1FA-97DA-434A-92C9-BC357EBE9027}.Debug|x86.Deploy.0 = Debug|x86
		{A3B2D1FA-97DA-434A-92C9-BC357EBE9027}.Release|Any CPU.ActiveCfg = Release|Any CPU
		{A3B2D1FA-97DA-434A-92C9-BC357EBE9027}.Release|Any CPU.Build.0 = Release|Any CPU
		{A3B2D1FA-97DA-434A-92C9-BC357EBE9027}.Release|Any CPU.Deploy.0 = Release|Any CPU
		{A3B2D1FA-97DA-434A-92C9-BC357EBE9027}.Release|ARM.ActiveCfg = Release|ARM
		{A3B2D1FA-97DA-434A-92C9-BC357EBE9027}.Release|ARM.Build.0 = Release|ARM
		{A3B2D1FA-97DA-434A-92C9-BC357EBE9027}.Release|ARM.Deploy.0 = Release|ARM
		{A3B2D1FA-97DA-434A-92C9-BC357EBE9027}.Release|iPhone.ActiveCfg = Release|Any CPU
		{A3B2D1FA-97DA-434A-92C9-BC357EBE9027}.Release|iPhone.Build.0 = Release|Any CPU
		{A3B2D1FA-97DA-434A-92C9-BC357EBE9027}.Release|iPhone.Deploy.0 = Release|Any CPU
		{A3B2D1FA-97DA-434A-92C9-BC357EBE9027}.Release|iPhoneSimulator.ActiveCfg = Release|Any CPU
		{A3B2D1FA-97DA-434A-92C9-BC357EBE9027}.Release|iPhoneSimulator.Build.0 = Release|Any CPU
		{A3B2D1FA-97DA-434A-92C9-BC357EBE9027}.Release|iPhoneSimulator.Deploy.0 = Release|Any CPU
		{A3B2D1FA-97DA-434A-92C9-BC357EBE9027}.Release|Mixed Platforms.ActiveCfg = Release|x86
		{A3B2D1FA-97DA-434A-92C9-BC357EBE9027}.Release|Mixed Platforms.Build.0 = Release|x86
		{A3B2D1FA-97DA-434A-92C9-BC357EBE9027}.Release|Mixed Platforms.Deploy.0 = Release|x86
		{A3B2D1FA-97DA-434A-92C9-BC357EBE9027}.Release|x64.ActiveCfg = Release|Any CPU
		{A3B2D1FA-97DA-434A-92C9-BC357EBE9027}.Release|x64.Build.0 = Release|Any CPU
		{A3B2D1FA-97DA-434A-92C9-BC357EBE9027}.Release|x64.Deploy.0 = Release|Any CPU
		{A3B2D1FA-97DA-434A-92C9-BC357EBE9027}.Release|x86.ActiveCfg = Release|x86
		{A3B2D1FA-97DA-434A-92C9-BC357EBE9027}.Release|x86.Build.0 = Release|x86
		{A3B2D1FA-97DA-434A-92C9-BC357EBE9027}.Release|x86.Deploy.0 = Release|x86
		{6E172513-FE50-4E12-A747-F930E3575153}.Ad-Hoc|Any CPU.ActiveCfg = Release|x64
		{6E172513-FE50-4E12-A747-F930E3575153}.Ad-Hoc|Any CPU.Build.0 = Release|x64
		{6E172513-FE50-4E12-A747-F930E3575153}.Ad-Hoc|Any CPU.Deploy.0 = Release|x64
		{6E172513-FE50-4E12-A747-F930E3575153}.Ad-Hoc|ARM.ActiveCfg = Release|ARM
		{6E172513-FE50-4E12-A747-F930E3575153}.Ad-Hoc|ARM.Build.0 = Release|ARM
		{6E172513-FE50-4E12-A747-F930E3575153}.Ad-Hoc|ARM.Deploy.0 = Release|ARM
		{6E172513-FE50-4E12-A747-F930E3575153}.Ad-Hoc|iPhone.ActiveCfg = Release|x64
		{6E172513-FE50-4E12-A747-F930E3575153}.Ad-Hoc|iPhone.Build.0 = Release|x64
		{6E172513-FE50-4E12-A747-F930E3575153}.Ad-Hoc|iPhone.Deploy.0 = Release|x64
		{6E172513-FE50-4E12-A747-F930E3575153}.Ad-Hoc|iPhoneSimulator.ActiveCfg = Release|x64
		{6E172513-FE50-4E12-A747-F930E3575153}.Ad-Hoc|iPhoneSimulator.Build.0 = Release|x64
		{6E172513-FE50-4E12-A747-F930E3575153}.Ad-Hoc|iPhoneSimulator.Deploy.0 = Release|x64
		{6E172513-FE50-4E12-A747-F930E3575153}.Ad-Hoc|Mixed Platforms.ActiveCfg = Release|x86
		{6E172513-FE50-4E12-A747-F930E3575153}.Ad-Hoc|Mixed Platforms.Build.0 = Release|x86
		{6E172513-FE50-4E12-A747-F930E3575153}.Ad-Hoc|Mixed Platforms.Deploy.0 = Release|x86
		{6E172513-FE50-4E12-A747-F930E3575153}.Ad-Hoc|x64.ActiveCfg = Release|x64
		{6E172513-FE50-4E12-A747-F930E3575153}.Ad-Hoc|x64.Build.0 = Release|x64
		{6E172513-FE50-4E12-A747-F930E3575153}.Ad-Hoc|x64.Deploy.0 = Release|x64
		{6E172513-FE50-4E12-A747-F930E3575153}.Ad-Hoc|x86.ActiveCfg = Release|x86
		{6E172513-FE50-4E12-A747-F930E3575153}.Ad-Hoc|x86.Build.0 = Release|x86
		{6E172513-FE50-4E12-A747-F930E3575153}.Ad-Hoc|x86.Deploy.0 = Release|x86
		{6E172513-FE50-4E12-A747-F930E3575153}.AppStore|Any CPU.ActiveCfg = Release|x64
		{6E172513-FE50-4E12-A747-F930E3575153}.AppStore|Any CPU.Build.0 = Release|x64
		{6E172513-FE50-4E12-A747-F930E3575153}.AppStore|Any CPU.Deploy.0 = Release|x64
		{6E172513-FE50-4E12-A747-F930E3575153}.AppStore|ARM.ActiveCfg = Release|ARM
		{6E172513-FE50-4E12-A747-F930E3575153}.AppStore|ARM.Build.0 = Release|ARM
		{6E172513-FE50-4E12-A747-F930E3575153}.AppStore|ARM.Deploy.0 = Release|ARM
		{6E172513-FE50-4E12-A747-F930E3575153}.AppStore|iPhone.ActiveCfg = Release|x64
		{6E172513-FE50-4E12-A747-F930E3575153}.AppStore|iPhone.Build.0 = Release|x64
		{6E172513-FE50-4E12-A747-F930E3575153}.AppStore|iPhone.Deploy.0 = Release|x64
		{6E172513-FE50-4E12-A747-F930E3575153}.AppStore|iPhoneSimulator.ActiveCfg = Release|x64
		{6E172513-FE50-4E12-A747-F930E3575153}.AppStore|iPhoneSimulator.Build.0 = Release|x64
		{6E172513-FE50-4E12-A747-F930E3575153}.AppStore|iPhoneSimulator.Deploy.0 = Release|x64
		{6E172513-FE50-4E12-A747-F930E3575153}.AppStore|Mixed Platforms.ActiveCfg = Release|x86
		{6E172513-FE50-4E12-A747-F930E3575153}.AppStore|Mixed Platforms.Build.0 = Release|x86
		{6E172513-FE50-4E12-A747-F930E3575153}.AppStore|Mixed Platforms.Deploy.0 = Release|x86
		{6E172513-FE50-4E12-A747-F930E3575153}.AppStore|x64.ActiveCfg = Release|x64
		{6E172513-FE50-4E12-A747-F930E3575153}.AppStore|x64.Build.0 = Release|x64
		{6E172513-FE50-4E12-A747-F930E3575153}.AppStore|x64.Deploy.0 = Release|x64
		{6E172513-FE50-4E12-A747-F930E3575153}.AppStore|x86.ActiveCfg = Release|x86
		{6E172513-FE50-4E12-A747-F930E3575153}.AppStore|x86.Build.0 = Release|x86
		{6E172513-FE50-4E12-A747-F930E3575153}.AppStore|x86.Deploy.0 = Release|x86
		{6E172513-FE50-4E12-A747-F930E3575153}.Debug|Any CPU.ActiveCfg = Debug|x86
		{6E172513-FE50-4E12-A747-F930E3575153}.Debug|Any CPU.Build.0 = Debug|x86
		{6E172513-FE50-4E12-A747-F930E3575153}.Debug|Any CPU.Deploy.0 = Debug|x86
		{6E172513-FE50-4E12-A747-F930E3575153}.Debug|ARM.ActiveCfg = Debug|ARM
		{6E172513-FE50-4E12-A747-F930E3575153}.Debug|ARM.Build.0 = Debug|ARM
		{6E172513-FE50-4E12-A747-F930E3575153}.Debug|ARM.Deploy.0 = Debug|ARM
		{6E172513-FE50-4E12-A747-F930E3575153}.Debug|iPhone.ActiveCfg = Debug|x86
		{6E172513-FE50-4E12-A747-F930E3575153}.Debug|iPhoneSimulator.ActiveCfg = Debug|x86
		{6E172513-FE50-4E12-A747-F930E3575153}.Debug|Mixed Platforms.ActiveCfg = Debug|x86
		{6E172513-FE50-4E12-A747-F930E3575153}.Debug|Mixed Platforms.Build.0 = Debug|x86
		{6E172513-FE50-4E12-A747-F930E3575153}.Debug|Mixed Platforms.Deploy.0 = Debug|x86
		{6E172513-FE50-4E12-A747-F930E3575153}.Debug|x64.ActiveCfg = Debug|x64
		{6E172513-FE50-4E12-A747-F930E3575153}.Debug|x64.Build.0 = Debug|x64
		{6E172513-FE50-4E12-A747-F930E3575153}.Debug|x64.Deploy.0 = Debug|x64
		{6E172513-FE50-4E12-A747-F930E3575153}.Debug|x86.ActiveCfg = Debug|x86
		{6E172513-FE50-4E12-A747-F930E3575153}.Debug|x86.Build.0 = Debug|x86
		{6E172513-FE50-4E12-A747-F930E3575153}.Debug|x86.Deploy.0 = Debug|x86
		{6E172513-FE50-4E12-A747-F930E3575153}.Release|Any CPU.ActiveCfg = Release|x86
		{6E172513-FE50-4E12-A747-F930E3575153}.Release|ARM.ActiveCfg = Release|ARM
		{6E172513-FE50-4E12-A747-F930E3575153}.Release|ARM.Build.0 = Release|ARM
		{6E172513-FE50-4E12-A747-F930E3575153}.Release|ARM.Deploy.0 = Release|ARM
		{6E172513-FE50-4E12-A747-F930E3575153}.Release|iPhone.ActiveCfg = Release|x86
		{6E172513-FE50-4E12-A747-F930E3575153}.Release|iPhoneSimulator.ActiveCfg = Release|x86
		{6E172513-FE50-4E12-A747-F930E3575153}.Release|Mixed Platforms.ActiveCfg = Release|x86
		{6E172513-FE50-4E12-A747-F930E3575153}.Release|Mixed Platforms.Build.0 = Release|x86
		{6E172513-FE50-4E12-A747-F930E3575153}.Release|Mixed Platforms.Deploy.0 = Release|x86
		{6E172513-FE50-4E12-A747-F930E3575153}.Release|x64.ActiveCfg = Release|x64
		{6E172513-FE50-4E12-A747-F930E3575153}.Release|x64.Build.0 = Release|x64
		{6E172513-FE50-4E12-A747-F930E3575153}.Release|x64.Deploy.0 = Release|x64
		{6E172513-FE50-4E12-A747-F930E3575153}.Release|x86.ActiveCfg = Release|x86
		{6E172513-FE50-4E12-A747-F930E3575153}.Release|x86.Build.0 = Release|x86
		{6E172513-FE50-4E12-A747-F930E3575153}.Release|x86.Deploy.0 = Release|x86
	EndGlobalSection
	GlobalSection(SolutionProperties) = preSolution
		HideSolutionNode = FALSE
	EndGlobalSection
EndGlobal
